
Microsoft Visual Studio Solution File, Format Version 12.00
# Visual Studio Version 17
VisualStudioVersion = 17.10.35004.147
MinimumVisualStudioVersion = 10.0.40219.1
Project("{FAE04EC0-301F-11D3-BF4B-00C04F79EFBC}") = "WinFormsApp2", "WinFormsApp2\WinFormsApp2.csproj", "{4AF826E6-AB1A-48B8-B586-19DE10A7B79F}"
EndProject
Global
	GlobalSection(SolutionConfigurationPlatforms) = preSolution
		Debug|Any CPU = Debug|Any CPU
		Release|Any CPU = Release|Any CPU
	EndGlobalSection
	GlobalSection(ProjectConfigurationPlatforms) = postSolution
		{4AF826E6-AB1A-48B8-B586-19DE10A7B79F}.Debug|Any CPU.ActiveCfg = Debug|Any CPU
		{4AF826E6-AB1A-48B8-B586-19DE10A7B79F}.Debug|Any CPU.Build.0 = Debug|Any CPU
		{4AF826E6-AB1A-48B8-B586-19DE10A7B79F}.Release|Any CPU.ActiveCfg = Release|Any CPU
		{4AF826E6-AB1A-48B8-B586-19DE10A7B79F}.Release|Any CPU.Build.0 = Release|Any CPU
	EndGlobalSection
	GlobalSection(SolutionProperties) = preSolution
		HideSolutionNode = FALSE
	EndGlobalSection
	GlobalSection(ExtensibilityGlobals) = postSolution
		SolutionGuid = {44B6B093-4223-440C-876D-149BADC2F9F5}
	EndGlobalSection
EndGlobal
